// !$*UTF8*$!
{
	archiveVersion = 1;
	classes = {
	};
	objectVersion = 55;
	objects = {

/* Begin PBXBuildFile section */
		B93F091328FF10F900B27209 /* ViewDidLoadModifier.swift in Sources */ = {isa = PBXBuildFile; fileRef = B93F091228FF10F900B27209 /* ViewDidLoadModifier.swift */; };
		B93F091628FF128800B27209 /* DuckImage.swift in Sources */ = {isa = PBXBuildFile; fileRef = B93F091528FF128800B27209 /* DuckImage.swift */; };
		B93F091928FF13C200B27209 /* DucksMiddleware.swift in Sources */ = {isa = PBXBuildFile; fileRef = B93F091828FF13C200B27209 /* DucksMiddleware.swift */; };
		B93F091C28FF147300B27209 /* DucksRepository.swift in Sources */ = {isa = PBXBuildFile; fileRef = B93F091B28FF147300B27209 /* DucksRepository.swift */; };
		B9B2198A28FEE9A800A81CD7 /* ActiveScreensState.swift in Sources */ = {isa = PBXBuildFile; fileRef = B9B2198928FEE9A800A81CD7 /* ActiveScreensState.swift */; };
		B9B2198C28FEE9EC00A81CD7 /* AppScreenState.swift in Sources */ = {isa = PBXBuildFile; fileRef = B9B2198B28FEE9EC00A81CD7 /* AppScreenState.swift */; };
		B9B2198E28FEEADA00A81CD7 /* ActiveScreensStateAction.swift in Sources */ = {isa = PBXBuildFile; fileRef = B9B2198D28FEEADA00A81CD7 /* ActiveScreensStateAction.swift */; };
		B9B2199028FEEB4400A81CD7 /* ActiveScreensStateReducer.swift in Sources */ = {isa = PBXBuildFile; fileRef = B9B2198F28FEEB4400A81CD7 /* ActiveScreensStateReducer.swift */; };
		B9B2199228FEEC1B00A81CD7 /* AppScreenStateReducer.swift in Sources */ = {isa = PBXBuildFile; fileRef = B9B2199128FEEC1B00A81CD7 /* AppScreenStateReducer.swift */; };
		B9B2199928FEECB700A81CD7 /* HomeState.swift in Sources */ = {isa = PBXBuildFile; fileRef = B9B2199828FEECB700A81CD7 /* HomeState.swift */; };
		B9B2199B28FEECF800A81CD7 /* HomeStateAction.swift in Sources */ = {isa = PBXBuildFile; fileRef = B9B2199A28FEECF800A81CD7 /* HomeStateAction.swift */; };
		B9B2199D28FEED1A00A81CD7 /* HomeStateReducer.swift in Sources */ = {isa = PBXBuildFile; fileRef = B9B2199C28FEED1A00A81CD7 /* HomeStateReducer.swift */; };
		B9B2199F28FEEDF500A81CD7 /* HomeView.swift in Sources */ = {isa = PBXBuildFile; fileRef = B9B2199E28FEEDF500A81CD7 /* HomeView.swift */; };
		B9B219A128FEEE2C00A81CD7 /* AppStateReducer.swift in Sources */ = {isa = PBXBuildFile; fileRef = B9B219A028FEEE2C00A81CD7 /* AppStateReducer.swift */; };
		B9B219A528FEEE9200A81CD7 /* SplashView.swift in Sources */ = {isa = PBXBuildFile; fileRef = B9B219A428FEEE9200A81CD7 /* SplashView.swift */; };
		B9B219A728FEEF0500A81CD7 /* AppState+ScreenStateSelector.swift in Sources */ = {isa = PBXBuildFile; fileRef = B9B219A628FEEF0500A81CD7 /* AppState+ScreenStateSelector.swift */; };
		B9D7910728FDE47700674821 /* ThisORThatReduxApp.swift in Sources */ = {isa = PBXBuildFile; fileRef = B9D7910628FDE47700674821 /* ThisORThatReduxApp.swift */; };
		B9D7910928FDE47700674821 /* ContentView.swift in Sources */ = {isa = PBXBuildFile; fileRef = B9D7910828FDE47700674821 /* ContentView.swift */; };
		B9D7910B28FDE47800674821 /* Assets.xcassets in Resources */ = {isa = PBXBuildFile; fileRef = B9D7910A28FDE47800674821 /* Assets.xcassets */; };
		B9D7910E28FDE47800674821 /* Preview Assets.xcassets in Resources */ = {isa = PBXBuildFile; fileRef = B9D7910D28FDE47800674821 /* Preview Assets.xcassets */; };
		B9D7911528FDE69100674821 /* Store.swift in Sources */ = {isa = PBXBuildFile; fileRef = B9D7911428FDE69100674821 /* Store.swift */; };
		B9D7911828FDE93500674821 /* AnyCancellable+Extensions.swift in Sources */ = {isa = PBXBuildFile; fileRef = B9D7911728FDE93500674821 /* AnyCancellable+Extensions.swift */; };
		B9D7911D28FDE9CF00674821 /* AppState.swift in Sources */ = {isa = PBXBuildFile; fileRef = B9D7911C28FDE9CF00674821 /* AppState.swift */; };
		B9E9C95B29017819008A4D04 /* Publisher+Extensions.swift in Sources */ = {isa = PBXBuildFile; fileRef = B9E9C95A29017819008A4D04 /* Publisher+Extensions.swift */; };
		B9E9C95D29017A5A008A4D04 /* DucksResult.swift in Sources */ = {isa = PBXBuildFile; fileRef = B9E9C95C29017A5A008A4D04 /* DucksResult.swift */; };
/* End PBXBuildFile section */

/* Begin PBXFileReference section */
		B93F091228FF10F900B27209 /* ViewDidLoadModifier.swift */ = {isa = PBXFileReference; lastKnownFileType = sourcecode.swift; path = ViewDidLoadModifier.swift; sourceTree = "<group>"; };
		B93F091528FF128800B27209 /* DuckImage.swift */ = {isa = PBXFileReference; lastKnownFileType = sourcecode.swift; path = DuckImage.swift; sourceTree = "<group>"; };
		B93F091828FF13C200B27209 /* DucksMiddleware.swift */ = {isa = PBXFileReference; lastKnownFileType = sourcecode.swift; path = DucksMiddleware.swift; sourceTree = "<group>"; };
		B93F091B28FF147300B27209 /* DucksRepository.swift */ = {isa = PBXFileReference; lastKnownFileType = sourcecode.swift; path = DucksRepository.swift; sourceTree = "<group>"; };
		B9B2198928FEE9A800A81CD7 /* ActiveScreensState.swift */ = {isa = PBXFileReference; lastKnownFileType = sourcecode.swift; path = ActiveScreensState.swift; sourceTree = "<group>"; };
		B9B2198B28FEE9EC00A81CD7 /* AppScreenState.swift */ = {isa = PBXFileReference; lastKnownFileType = sourcecode.swift; path = AppScreenState.swift; sourceTree = "<group>"; };
		B9B2198D28FEEADA00A81CD7 /* ActiveScreensStateAction.swift */ = {isa = PBXFileReference; lastKnownFileType = sourcecode.swift; path = ActiveScreensStateAction.swift; sourceTree = "<group>"; };
		B9B2198F28FEEB4400A81CD7 /* ActiveScreensStateReducer.swift */ = {isa = PBXFileReference; lastKnownFileType = sourcecode.swift; path = ActiveScreensStateReducer.swift; sourceTree = "<group>"; };
		B9B2199128FEEC1B00A81CD7 /* AppScreenStateReducer.swift */ = {isa = PBXFileReference; lastKnownFileType = sourcecode.swift; path = AppScreenStateReducer.swift; sourceTree = "<group>"; };
		B9B2199828FEECB700A81CD7 /* HomeState.swift */ = {isa = PBXFileReference; lastKnownFileType = sourcecode.swift; path = HomeState.swift; sourceTree = "<group>"; };
		B9B2199A28FEECF800A81CD7 /* HomeStateAction.swift */ = {isa = PBXFileReference; lastKnownFileType = sourcecode.swift; path = HomeStateAction.swift; sourceTree = "<group>"; };
		B9B2199C28FEED1A00A81CD7 /* HomeStateReducer.swift */ = {isa = PBXFileReference; lastKnownFileType = sourcecode.swift; path = HomeStateReducer.swift; sourceTree = "<group>"; };
		B9B2199E28FEEDF500A81CD7 /* HomeView.swift */ = {isa = PBXFileReference; lastKnownFileType = sourcecode.swift; path = HomeView.swift; sourceTree = "<group>"; };
		B9B219A028FEEE2C00A81CD7 /* AppStateReducer.swift */ = {isa = PBXFileReference; lastKnownFileType = sourcecode.swift; path = AppStateReducer.swift; sourceTree = "<group>"; };
		B9B219A428FEEE9200A81CD7 /* SplashView.swift */ = {isa = PBXFileReference; lastKnownFileType = sourcecode.swift; path = SplashView.swift; sourceTree = "<group>"; };
		B9B219A628FEEF0500A81CD7 /* AppState+ScreenStateSelector.swift */ = {isa = PBXFileReference; lastKnownFileType = sourcecode.swift; path = "AppState+ScreenStateSelector.swift"; sourceTree = "<group>"; };
		B9D7910328FDE47700674821 /* ThisORThatRedux.app */ = {isa = PBXFileReference; explicitFileType = wrapper.application; includeInIndex = 0; path = ThisORThatRedux.app; sourceTree = BUILT_PRODUCTS_DIR; };
		B9D7910628FDE47700674821 /* ThisORThatReduxApp.swift */ = {isa = PBXFileReference; lastKnownFileType = sourcecode.swift; path = ThisORThatReduxApp.swift; sourceTree = "<group>"; };
		B9D7910828FDE47700674821 /* ContentView.swift */ = {isa = PBXFileReference; lastKnownFileType = sourcecode.swift; path = ContentView.swift; sourceTree = "<group>"; };
		B9D7910A28FDE47800674821 /* Assets.xcassets */ = {isa = PBXFileReference; lastKnownFileType = folder.assetcatalog; path = Assets.xcassets; sourceTree = "<group>"; };
		B9D7910D28FDE47800674821 /* Preview Assets.xcassets */ = {isa = PBXFileReference; lastKnownFileType = folder.assetcatalog; path = "Preview Assets.xcassets"; sourceTree = "<group>"; };
		B9D7911428FDE69100674821 /* Store.swift */ = {isa = PBXFileReference; lastKnownFileType = sourcecode.swift; path = Store.swift; sourceTree = "<group>"; };
		B9D7911728FDE93500674821 /* AnyCancellable+Extensions.swift */ = {isa = PBXFileReference; lastKnownFileType = sourcecode.swift; path = "AnyCancellable+Extensions.swift"; sourceTree = "<group>"; };
		B9D7911C28FDE9CF00674821 /* AppState.swift */ = {isa = PBXFileReference; lastKnownFileType = sourcecode.swift; path = AppState.swift; sourceTree = "<group>"; };
		B9E9C95A29017819008A4D04 /* Publisher+Extensions.swift */ = {isa = PBXFileReference; lastKnownFileType = sourcecode.swift; path = "Publisher+Extensions.swift"; sourceTree = "<group>"; };
		B9E9C95C29017A5A008A4D04 /* DucksResult.swift */ = {isa = PBXFileReference; lastKnownFileType = sourcecode.swift; path = DucksResult.swift; sourceTree = "<group>"; };
/* End PBXFileReference section */

/* Begin PBXFrameworksBuildPhase section */
		B9D7910028FDE47700674821 /* Frameworks */ = {
			isa = PBXFrameworksBuildPhase;
			buildActionMask = 2147483647;
			files = (
			);
			runOnlyForDeploymentPostprocessing = 0;
		};
/* End PBXFrameworksBuildPhase section */

/* Begin PBXGroup section */
		B93F091128FF10D400B27209 /* ViewModifiers */ = {
			isa = PBXGroup;
			children = (
				B93F091228FF10F900B27209 /* ViewDidLoadModifier.swift */,
			);
			path = ViewModifiers;
			sourceTree = "<group>";
		};
		B93F091428FF127900B27209 /* Models */ = {
			isa = PBXGroup;
			children = (
				B93F091528FF128800B27209 /* DuckImage.swift */,
				B9E9C95C29017A5A008A4D04 /* DucksResult.swift */,
			);
			path = Models;
			sourceTree = "<group>";
		};
		B93F091728FF137E00B27209 /* Middlewares */ = {
			isa = PBXGroup;
			children = (
				B93F091828FF13C200B27209 /* DucksMiddleware.swift */,
			);
			path = Middlewares;
			sourceTree = "<group>";
		};
		B93F091A28FF146100B27209 /* Repositories */ = {
			isa = PBXGroup;
			children = (
				B93F091B28FF147300B27209 /* DucksRepository.swift */,
			);
			path = Repositories;
			sourceTree = "<group>";
		};
		B9B2198828FEE95F00A81CD7 /* AppScreenState */ = {
			isa = PBXGroup;
			children = (
				B9B2198B28FEE9EC00A81CD7 /* AppScreenState.swift */,
				B9B2199128FEEC1B00A81CD7 /* AppScreenStateReducer.swift */,
			);
			path = AppScreenState;
			sourceTree = "<group>";
		};
		B9B2199328FEEC7600A81CD7 /* Modules */ = {
			isa = PBXGroup;
			children = (
				B9B2199528FEEC8100A81CD7 /* Home */,
				B9B2199428FEEC7C00A81CD7 /* Splash */,
			);
			path = Modules;
			sourceTree = "<group>";
		};
		B9B2199428FEEC7C00A81CD7 /* Splash */ = {
			isa = PBXGroup;
			children = (
				B9B219A428FEEE9200A81CD7 /* SplashView.swift */,
			);
			path = Splash;
			sourceTree = "<group>";
		};
		B9B2199528FEEC8100A81CD7 /* Home */ = {
			isa = PBXGroup;
			children = (
				B9B2199728FEEC9000A81CD7 /* Views */,
				B9B2199628FEEC8B00A81CD7 /* State */,
			);
			path = Home;
			sourceTree = "<group>";
		};
		B9B2199628FEEC8B00A81CD7 /* State */ = {
			isa = PBXGroup;
			children = (
				B9B2199828FEECB700A81CD7 /* HomeState.swift */,
				B9B2199A28FEECF800A81CD7 /* HomeStateAction.swift */,
				B9B2199C28FEED1A00A81CD7 /* HomeStateReducer.swift */,
			);
			path = State;
			sourceTree = "<group>";
		};
		B9B2199728FEEC9000A81CD7 /* Views */ = {
			isa = PBXGroup;
			children = (
				B9B2199E28FEEDF500A81CD7 /* HomeView.swift */,
			);
			path = Views;
			sourceTree = "<group>";
		};
		B9D790FA28FDE47700674821 = {
			isa = PBXGroup;
			children = (
				B9D7910528FDE47700674821 /* ThisORThatRedux */,
				B9D7910428FDE47700674821 /* Products */,
			);
			sourceTree = "<group>";
		};
		B9D7910428FDE47700674821 /* Products */ = {
			isa = PBXGroup;
			children = (
				B9D7910328FDE47700674821 /* ThisORThatRedux.app */,
			);
			name = Products;
			sourceTree = "<group>";
		};
		B9D7910528FDE47700674821 /* ThisORThatRedux */ = {
			isa = PBXGroup;
			children = (
				B93F091A28FF146100B27209 /* Repositories */,
				B93F091728FF137E00B27209 /* Middlewares */,
				B93F091428FF127900B27209 /* Models */,
				B93F091128FF10D400B27209 /* ViewModifiers */,
				B9B2199328FEEC7600A81CD7 /* Modules */,
				B9D7911A28FDE9B700674821 /* GlobalStates */,
				B9D7911928FDE9AC00674821 /* App */,
				B9D7911628FDE92200674821 /* Extension */,
				B9D7910828FDE47700674821 /* ContentView.swift */,
				B9D7910A28FDE47800674821 /* Assets.xcassets */,
				B9D7910C28FDE47800674821 /* Preview Content */,
			);
			path = ThisORThatRedux;
			sourceTree = "<group>";
		};
		B9D7910C28FDE47800674821 /* Preview Content */ = {
			isa = PBXGroup;
			children = (
				B9D7910D28FDE47800674821 /* Preview Assets.xcassets */,
			);
			path = "Preview Content";
			sourceTree = "<group>";
		};
		B9D7911628FDE92200674821 /* Extension */ = {
			isa = PBXGroup;
			children = (
				B9D7911728FDE93500674821 /* AnyCancellable+Extensions.swift */,
				B9B219A628FEEF0500A81CD7 /* AppState+ScreenStateSelector.swift */,
				B9E9C95A29017819008A4D04 /* Publisher+Extensions.swift */,
			);
			path = Extension;
			sourceTree = "<group>";
		};
		B9D7911928FDE9AC00674821 /* App */ = {
			isa = PBXGroup;
			children = (
				B9D7910628FDE47700674821 /* ThisORThatReduxApp.swift */,
				B9D7911428FDE69100674821 /* Store.swift */,
			);
			path = App;
			sourceTree = "<group>";
		};
		B9D7911A28FDE9B700674821 /* GlobalStates */ = {
			isa = PBXGroup;
			children = (
				B9D7911B28FDE9BE00674821 /* AppState */,
				B9D7911E28FDEA0C00674821 /* ActiveScreensState */,
				B9B2198828FEE95F00A81CD7 /* AppScreenState */,
			);
			path = GlobalStates;
			sourceTree = "<group>";
		};
		B9D7911B28FDE9BE00674821 /* AppState */ = {
			isa = PBXGroup;
			children = (
				B9D7911C28FDE9CF00674821 /* AppState.swift */,
				B9B219A028FEEE2C00A81CD7 /* AppStateReducer.swift */,
			);
			path = AppState;
			sourceTree = "<group>";
		};
		B9D7911E28FDEA0C00674821 /* ActiveScreensState */ = {
			isa = PBXGroup;
			children = (
				B9B2198928FEE9A800A81CD7 /* ActiveScreensState.swift */,
				B9B2198D28FEEADA00A81CD7 /* ActiveScreensStateAction.swift */,
				B9B2198F28FEEB4400A81CD7 /* ActiveScreensStateReducer.swift */,
			);
			path = ActiveScreensState;
			sourceTree = "<group>";
		};
/* End PBXGroup section */

/* Begin PBXNativeTarget section */
		B9D7910228FDE47700674821 /* ThisORThatRedux */ = {
			isa = PBXNativeTarget;
			buildConfigurationList = B9D7911128FDE47800674821 /* Build configuration list for PBXNativeTarget "ThisORThatRedux" */;
			buildPhases = (
				B9D790FF28FDE47700674821 /* Sources */,
				B9D7910028FDE47700674821 /* Frameworks */,
				B9D7910128FDE47700674821 /* Resources */,
			);
			buildRules = (
			);
			dependencies = (
			);
			name = ThisORThatRedux;
			productName = ThisORThatRedux;
			productReference = B9D7910328FDE47700674821 /* ThisORThatRedux.app */;
			productType = "com.apple.product-type.application";
		};
/* End PBXNativeTarget section */

/* Begin PBXProject section */
		B9D790FB28FDE47700674821 /* Project object */ = {
			isa = PBXProject;
			attributes = {
				BuildIndependentTargetsInParallel = 1;
				LastSwiftUpdateCheck = 1340;
				LastUpgradeCheck = 1340;
				TargetAttributes = {
					B9D7910228FDE47700674821 = {
						CreatedOnToolsVersion = 13.4.1;
					};
				};
			};
			buildConfigurationList = B9D790FE28FDE47700674821 /* Build configuration list for PBXProject "ThisORThatRedux" */;
			compatibilityVersion = "Xcode 13.0";
			developmentRegion = en;
			hasScannedForEncodings = 0;
			knownRegions = (
				en,
				Base,
			);
			mainGroup = B9D790FA28FDE47700674821;
			productRefGroup = B9D7910428FDE47700674821 /* Products */;
			projectDirPath = "";
			projectRoot = "";
			targets = (
				B9D7910228FDE47700674821 /* ThisORThatRedux */,
			);
		};
/* End PBXProject section */

/* Begin PBXResourcesBuildPhase section */
		B9D7910128FDE47700674821 /* Resources */ = {
			isa = PBXResourcesBuildPhase;
			buildActionMask = 2147483647;
			files = (
				B9D7910E28FDE47800674821 /* Preview Assets.xcassets in Resources */,
				B9D7910B28FDE47800674821 /* Assets.xcassets in Resources */,
			);
			runOnlyForDeploymentPostprocessing = 0;
		};
/* End PBXResourcesBuildPhase section */

/* Begin PBXSourcesBuildPhase section */
		B9D790FF28FDE47700674821 /* Sources */ = {
			isa = PBXSourcesBuildPhase;
			buildActionMask = 2147483647;
			files = (
				B9B2199B28FEECF800A81CD7 /* HomeStateAction.swift in Sources */,
				B9B219A528FEEE9200A81CD7 /* SplashView.swift in Sources */,
				B9B219A728FEEF0500A81CD7 /* AppState+ScreenStateSelector.swift in Sources */,
				B9E9C95D29017A5A008A4D04 /* DucksResult.swift in Sources */,
				B9B2199F28FEEDF500A81CD7 /* HomeView.swift in Sources */,
				B9E9C95B29017819008A4D04 /* Publisher+Extensions.swift in Sources */,
				B9D7911528FDE69100674821 /* Store.swift in Sources */,
				B9B219A128FEEE2C00A81CD7 /* AppStateReducer.swift in Sources */,
				B93F091C28FF147300B27209 /* DucksRepository.swift in Sources */,
				B9B2198E28FEEADA00A81CD7 /* ActiveScreensStateAction.swift in Sources */,
				B9B2199028FEEB4400A81CD7 /* ActiveScreensStateReducer.swift in Sources */,
				B9B2198C28FEE9EC00A81CD7 /* AppScreenState.swift in Sources */,
				B9B2199228FEEC1B00A81CD7 /* AppScreenStateReducer.swift in Sources */,
				B9B2199D28FEED1A00A81CD7 /* HomeStateReducer.swift in Sources */,
				B93F091628FF128800B27209 /* DuckImage.swift in Sources */,
				B9D7911D28FDE9CF00674821 /* AppState.swift in Sources */,
				B9D7910928FDE47700674821 /* ContentView.swift in Sources */,
				B9B2199928FEECB700A81CD7 /* HomeState.swift in Sources */,
				B9D7910728FDE47700674821 /* ThisORThatReduxApp.swift in Sources */,
				B93F091928FF13C200B27209 /* DucksMiddleware.swift in Sources */,
				B93F091328FF10F900B27209 /* ViewDidLoadModifier.swift in Sources */,
				B9D7911828FDE93500674821 /* AnyCancellable+Extensions.swift in Sources */,
				B9B2198A28FEE9A800A81CD7 /* ActiveScreensState.swift in Sources */,
			);
			runOnlyForDeploymentPostprocessing = 0;
		};
/* End PBXSourcesBuildPhase section */

/* Begin XCBuildConfiguration section */
		B9D7910F28FDE47800674821 /* Debug */ = {
			isa = XCBuildConfiguration;
			buildSettings = {
				ALWAYS_SEARCH_USER_PATHS = NO;
				CLANG_ANALYZER_NONNULL = YES;
				CLANG_ANALYZER_NUMBER_OBJECT_CONVERSION = YES_AGGRESSIVE;
				CLANG_CXX_LANGUAGE_STANDARD = "gnu++17";
				CLANG_ENABLE_MODULES = YES;
				CLANG_ENABLE_OBJC_ARC = YES;
				CLANG_ENABLE_OBJC_WEAK = YES;
				CLANG_WARN_BLOCK_CAPTURE_AUTORELEASING = YES;
				CLANG_WARN_BOOL_CONVERSION = YES;
				CLANG_WARN_COMMA = YES;
				CLANG_WARN_CONSTANT_CONVERSION = YES;
				CLANG_WARN_DEPRECATED_OBJC_IMPLEMENTATIONS = YES;
				CLANG_WARN_DIRECT_OBJC_ISA_USAGE = YES_ERROR;
				CLANG_WARN_DOCUMENTATION_COMMENTS = YES;
				CLANG_WARN_EMPTY_BODY = YES;
				CLANG_WARN_ENUM_CONVERSION = YES;
				CLANG_WARN_INFINITE_RECURSION = YES;
				CLANG_WARN_INT_CONVERSION = YES;
				CLANG_WARN_NON_LITERAL_NULL_CONVERSION = YES;
				CLANG_WARN_OBJC_IMPLICIT_RETAIN_SELF = YES;
				CLANG_WARN_OBJC_LITERAL_CONVERSION = YES;
				CLANG_WARN_OBJC_ROOT_CLASS = YES_ERROR;
				CLANG_WARN_QUOTED_INCLUDE_IN_FRAMEWORK_HEADER = YES;
				CLANG_WARN_RANGE_LOOP_ANALYSIS = YES;
				CLANG_WARN_STRICT_PROTOTYPES = YES;
				CLANG_WARN_SUSPICIOUS_MOVE = YES;
				CLANG_WARN_UNGUARDED_AVAILABILITY = YES_AGGRESSIVE;
				CLANG_WARN_UNREACHABLE_CODE = YES;
				CLANG_WARN__DUPLICATE_METHOD_MATCH = YES;
				COPY_PHASE_STRIP = NO;
				DEBUG_INFORMATION_FORMAT = dwarf;
				ENABLE_STRICT_OBJC_MSGSEND = YES;
				ENABLE_TESTABILITY = YES;
				GCC_C_LANGUAGE_STANDARD = gnu11;
				GCC_DYNAMIC_NO_PIC = NO;
				GCC_NO_COMMON_BLOCKS = YES;
				GCC_OPTIMIZATION_LEVEL = 0;
				GCC_PREPROCESSOR_DEFINITIONS = (
					"DEBUG=1",
					"$(inherited)",
				);
				GCC_WARN_64_TO_32_BIT_CONVERSION = YES;
				GCC_WARN_ABOUT_RETURN_TYPE = YES_ERROR;
				GCC_WARN_UNDECLARED_SELECTOR = YES;
				GCC_WARN_UNINITIALIZED_AUTOS = YES_AGGRESSIVE;
				GCC_WARN_UNUSED_FUNCTION = YES;
				GCC_WARN_UNUSED_VARIABLE = YES;
				IPHONEOS_DEPLOYMENT_TARGET = 15.5;
				MTL_ENABLE_DEBUG_INFO = INCLUDE_SOURCE;
				MTL_FAST_MATH = YES;
				ONLY_ACTIVE_ARCH = YES;
				SDKROOT = iphoneos;
				SWIFT_ACTIVE_COMPILATION_CONDITIONS = DEBUG;
				SWIFT_OPTIMIZATION_LEVEL = "-Onone";
			};
			name = Debug;
		};
		B9D7911028FDE47800674821 /* Release */ = {
			isa = XCBuildConfiguration;
			buildSettings = {
				ALWAYS_SEARCH_USER_PATHS = NO;
				CLANG_ANALYZER_NONNULL = YES;
				CLANG_ANALYZER_NUMBER_OBJECT_CONVERSION = YES_AGGRESSIVE;
				CLANG_CXX_LANGUAGE_STANDARD = "gnu++17";
				CLANG_ENABLE_MODULES = YES;
				CLANG_ENABLE_OBJC_ARC = YES;
				CLANG_ENABLE_OBJC_WEAK = YES;
				CLANG_WARN_BLOCK_CAPTURE_AUTORELEASING = YES;
				CLANG_WARN_BOOL_CONVERSION = YES;
				CLANG_WARN_COMMA = YES;
				CLANG_WARN_CONSTANT_CONVERSION = YES;
				CLANG_WARN_DEPRECATED_OBJC_IMPLEMENTATIONS = YES;
				CLANG_WARN_DIRECT_OBJC_ISA_USAGE = YES_ERROR;
				CLANG_WARN_DOCUMENTATION_COMMENTS = YES;
				CLANG_WARN_EMPTY_BODY = YES;
				CLANG_WARN_ENUM_CONVERSION = YES;
				CLANG_WARN_INFINITE_RECURSION = YES;
				CLANG_WARN_INT_CONVERSION = YES;
				CLANG_WARN_NON_LITERAL_NULL_CONVERSION = YES;
				CLANG_WARN_OBJC_IMPLICIT_RETAIN_SELF = YES;
				CLANG_WARN_OBJC_LITERAL_CONVERSION = YES;
				CLANG_WARN_OBJC_ROOT_CLASS = YES_ERROR;
				CLANG_WARN_QUOTED_INCLUDE_IN_FRAMEWORK_HEADER = YES;
				CLANG_WARN_RANGE_LOOP_ANALYSIS = YES;
				CLANG_WARN_STRICT_PROTOTYPES = YES;
				CLANG_WARN_SUSPICIOUS_MOVE = YES;
				CLANG_WARN_UNGUARDED_AVAILABILITY = YES_AGGRESSIVE;
				CLANG_WARN_UNREACHABLE_CODE = YES;
				CLANG_WARN__DUPLICATE_METHOD_MATCH = YES;
				COPY_PHASE_STRIP = NO;
				DEBUG_INFORMATION_FORMAT = "dwarf-with-dsym";
				ENABLE_NS_ASSERTIONS = NO;
				ENABLE_STRICT_OBJC_MSGSEND = YES;
				GCC_C_LANGUAGE_STANDARD = gnu11;
				GCC_NO_COMMON_BLOCKS = YES;
				GCC_WARN_64_TO_32_BIT_CONVERSION = YES;
				GCC_WARN_ABOUT_RETURN_TYPE = YES_ERROR;
				GCC_WARN_UNDECLARED_SELECTOR = YES;
				GCC_WARN_UNINITIALIZED_AUTOS = YES_AGGRESSIVE;
				GCC_WARN_UNUSED_FUNCTION = YES;
				GCC_WARN_UNUSED_VARIABLE = YES;
				IPHONEOS_DEPLOYMENT_TARGET = 15.5;
				MTL_ENABLE_DEBUG_INFO = NO;
				MTL_FAST_MATH = YES;
				SDKROOT = iphoneos;
				SWIFT_COMPILATION_MODE = wholemodule;
				SWIFT_OPTIMIZATION_LEVEL = "-O";
				VALIDATE_PRODUCT = YES;
			};
			name = Release;
		};
		B9D7911228FDE47800674821 /* Debug */ = {
			isa = XCBuildConfiguration;
			buildSettings = {
				ASSETCATALOG_COMPILER_APPICON_NAME = AppIcon;
				ASSETCATALOG_COMPILER_GLOBAL_ACCENT_COLOR_NAME = AccentColor;
				CODE_SIGN_STYLE = Automatic;
				CURRENT_PROJECT_VERSION = 1;
				DEVELOPMENT_ASSET_PATHS = "\"ThisORThatRedux/Preview Content\"";
				DEVELOPMENT_TEAM = 6NWFAKD2BU;
				ENABLE_PREVIEWS = YES;
				GENERATE_INFOPLIST_FILE = YES;
				INFOPLIST_KEY_UIApplicationSceneManifest_Generation = YES;
				INFOPLIST_KEY_UIApplicationSupportsIndirectInputEvents = YES;
				INFOPLIST_KEY_UILaunchScreen_Generation = YES;
				INFOPLIST_KEY_UISupportedInterfaceOrientations_iPad = "UIInterfaceOrientationPortrait UIInterfaceOrientationPortraitUpsideDown UIInterfaceOrientationLandscapeLeft UIInterfaceOrientationLandscapeRight";
				INFOPLIST_KEY_UISupportedInterfaceOrientations_iPhone = "UIInterfaceOrientationPortrait UIInterfaceOrientationLandscapeLeft UIInterfaceOrientationLandscapeRight";
				LD_RUNPATH_SEARCH_PATHS = (
					"$(inherited)",
					"@executable_path/Frameworks",
				);
				MARKETING_VERSION = 1.0;
				PRODUCT_BUNDLE_IDENTIFIER = com.pomappo.ThisORThatRedux;
				PRODUCT_NAME = "$(TARGET_NAME)";
				SWIFT_EMIT_LOC_STRINGS = YES;
				SWIFT_VERSION = 5.0;
				TARGETED_DEVICE_FAMILY = "1,2";
			};
			name = Debug;
		};
		B9D7911328FDE47800674821 /* Release */ = {
			isa = XCBuildConfiguration;
			buildSettings = {
				ASSETCATALOG_COMPILER_APPICON_NAME = AppIcon;
				ASSETCATALOG_COMPILER_GLOBAL_ACCENT_COLOR_NAME = AccentColor;
				CODE_SIGN_STYLE = Automatic;
				CURRENT_PROJECT_VERSION = 1;
				DEVELOPMENT_ASSET_PATHS = "\"ThisORThatRedux/Preview Content\"";
				DEVELOPMENT_TEAM = 6NWFAKD2BU;
				ENABLE_PREVIEWS = YES;
				GENERATE_INFOPLIST_FILE = YES;
				INFOPLIST_KEY_UIApplicationSceneManifest_Generation = YES;
				INFOPLIST_KEY_UIApplicationSupportsIndirectInputEvents = YES;
				INFOPLIST_KEY_UILaunchScreen_Generation = YES;
				INFOPLIST_KEY_UISupportedInterfaceOrientations_iPad = "UIInterfaceOrientationPortrait UIInterfaceOrientationPortraitUpsideDown UIInterfaceOrientationLandscapeLeft UIInterfaceOrientationLandscapeRight";
				INFOPLIST_KEY_UISupportedInterfaceOrientations_iPhone = "UIInterfaceOrientationPortrait UIInterfaceOrientationLandscapeLeft UIInterfaceOrientationLandscapeRight";
				LD_RUNPATH_SEARCH_PATHS = (
					"$(inherited)",
					"@executable_path/Frameworks",
				);
				MARKETING_VERSION = 1.0;
				PRODUCT_BUNDLE_IDENTIFIER = com.pomappo.ThisORThatRedux;
				PRODUCT_NAME = "$(TARGET_NAME)";
				SWIFT_EMIT_LOC_STRINGS = YES;
				SWIFT_VERSION = 5.0;
				TARGETED_DEVICE_FAMILY = "1,2";
			};
			name = Release;
		};
/* End XCBuildConfiguration section */

/* Begin XCConfigurationList section */
		B9D790FE28FDE47700674821 /* Build configuration list for PBXProject "ThisORThatRedux" */ = {
			isa = XCConfigurationList;
			buildConfigurations = (
				B9D7910F28FDE47800674821 /* Debug */,
				B9D7911028FDE47800674821 /* Release */,
			);
			defaultConfigurationIsVisible = 0;
			defaultConfigurationName = Release;
		};
		B9D7911128FDE47800674821 /* Build configuration list for PBXNativeTarget "ThisORThatRedux" */ = {
			isa = XCConfigurationList;
			buildConfigurations = (
				B9D7911228FDE47800674821 /* Debug */,
				B9D7911328FDE47800674821 /* Release */,
			);
			defaultConfigurationIsVisible = 0;
			defaultConfigurationName = Release;
		};
/* End XCConfigurationList section */
	};
	rootObject = B9D790FB28FDE47700674821 /* Project object */;
}
